
Microsoft Visual Studio Solution File, Format Version 12.00
Project("{FAE04EC0-301F-11D3-BF4B-00C04F79EFBC}") = "MorningWisher.Functions", "MorningWisher.Functions\MorningWisher.Functions.csproj", "{5A368151-21E4-4364-B479-E2AFD5E725BD}"
EndProject
Global
	GlobalSection(SolutionConfigurationPlatforms) = preSolution
		Debug|Any CPU = Debug|Any CPU
		Release|Any CPU = Release|Any CPU
	EndGlobalSection
	GlobalSection(ProjectConfigurationPlatforms) = postSolution
		{5A368151-21E4-4364-B479-E2AFD5E725BD}.Debug|Any CPU.ActiveCfg = Debug|Any CPU
		{5A368151-21E4-4364-B479-E2AFD5E725BD}.Debug|Any CPU.Build.0 = Debug|Any CPU
		{5A368151-21E4-4364-B479-E2AFD5E725BD}.Release|Any CPU.ActiveCfg = Release|Any CPU
		{5A368151-21E4-4364-B479-E2AFD5E725BD}.Release|Any CPU.Build.0 = Release|Any CPU
	EndGlobalSection
EndGlobal
